{
    "_meta": {
        "hash": {
            "sha256": "74cab94c8e421c680de3e98815a1c8ef24cdeb756c98fbb77547396f8ccb7d25"
        },
        "pipfile-spec": 6,
        "requires": {
            "python_version": "3.12"
        },
        "sources": [
            {
                "name": "pypi",
                "url": "https://pypi.org/simple",
                "verify_ssl": true
            }
        ]
    },
    "default": {
        "asttokens": {
            "hashes": [
                "sha256:0dcd8baa8d62b0c1d118b399b2ddba3c4aff271d0d7a9e0d4c1681c79035bbc7",
                "sha256:e3078351a059199dd5138cb1c706e6430c05eff2ff136af5eb4790f9d28932e2"
            ],
            "markers": "python_version >= '3.8'",
            "version": "==3.0.0"
        },
        "colorama": {
            "hashes": [
                "sha256:08695f5cb7ed6e0531a20572697297273c47b8cae5a63ffc6d6ed5c201be6e44",
                "sha256:4f1d9991f5acc0ca119f9d443620b77f9d6b33703e51011c16baf57afb285fc6"
            ],
            "markers": "sys_platform == 'win32'",
            "version": "==0.4.6"
        },
        "comm": {
            "hashes": [
                "sha256:2dc8048c10962d55d7ad693be1e7045d891b7ce8d999c97963a5e3e99c055971",
                "sha256:c615d91d75f7f04f095b30d1c1711babd43bdc6419c1be9886a85f2f4e489417"
            ],
            "markers": "python_version >= '3.8'",
            "version": "==0.2.3"
        },
        "debugpy": {
            "hashes": [
                "sha256:135ccd2b1161bade72a7a099c9208811c137a150839e970aeaf121c2467debe8",
                "sha256:19c9521962475b87da6f673514f7fd610328757ec993bf7ec0d8c96f9a325f9e",
                "sha256:211238306331a9089e253fd997213bc4a4c65f949271057d6695953254095376",
                "sha256:2801329c38f77c47976d341d18040a9ac09d0c71bf2c8b484ad27c74f83dc36f",
                "sha256:2a3958fb9c2f40ed8ea48a0d34895b461de57a1f9862e7478716c35d76f56c65",
                "sha256:31e69a1feb1cf6b51efbed3f6c9b0ef03bc46ff050679c4be7ea6d2e23540870",
                "sha256:64473c4a306ba11a99fe0bb14622ba4fbd943eb004847d9b69b107bde45aa9ea",
                "sha256:67371b28b79a6a12bcc027d94a06158f2fde223e35b5c4e0783b6f9d3b39274a",
                "sha256:687c7ab47948697c03b8f81424aa6dc3f923e6ebab1294732df1ca9773cc67bc",
                "sha256:70f5fcd6d4d0c150a878d2aa37391c52de788c3dc680b97bdb5e529cb80df87a",
                "sha256:75f204684581e9ef3dc2f67687c3c8c183fde2d6675ab131d94084baf8084121",
                "sha256:833a61ed446426e38b0dd8be3e9d45ae285d424f5bf6cd5b2b559c8f12305508",
                "sha256:85df3adb1de5258dca910ae0bb185e48c98801ec15018a263a92bb06be1c8787",
                "sha256:8624a6111dc312ed8c363347a0b59c5acc6210d897e41a7c069de3c53235c9a6",
                "sha256:88eb9ffdfb59bf63835d146c183d6dba1f722b3ae2a5f4b9fc03e925b3358922",
                "sha256:a2ba6fc5d7c4bc84bcae6c5f8edf5988146e55ae654b1bb36fecee9e5e77e9e2",
                "sha256:b202e2843e32e80b3b584bcebfe0e65e0392920dc70df11b2bfe1afcb7a085e4",
                "sha256:b2abae6dd02523bec2dee16bd6b0781cccb53fd4995e5c71cc659b5f45581898",
                "sha256:b5aea1083f6f50023e8509399d7dc6535a351cc9f2e8827d1e093175e4d9fa4c",
                "sha256:bee89e948bc236a5c43c4214ac62d28b29388453f5fd328d739035e205365f0b",
                "sha256:c2c47c2e52b40449552843b913786499efcc3dbc21d6c49287d939cd0dbc49fd",
                "sha256:cf358066650439847ec5ff3dae1da98b5461ea5da0173d93d5e10f477c94609a",
                "sha256:d58c48d8dbbbf48a3a3a638714a2d16de537b0dace1e3432b8e92c57d43707f8",
                "sha256:e5ca7314042e8a614cc2574cd71f6ccd7e13a9708ce3c6d8436959eae56f2378",
                "sha256:f8340a3ac2ed4f5da59e064aa92e39edd52729a88fbde7bbaa54e08249a04493",
                "sha256:fee6db83ea5c978baf042440cfe29695e1a5d48a30147abf4c3be87513609817"
            ],
            "markers": "python_version >= '3.8'",
            "version": "==1.8.16"
        },
        "decorator": {
            "hashes": [
                "sha256:65f266143752f734b0a7cc83c46f4618af75b8c5911b00ccb61d0ac9b6da0360",
                "sha256:d316bb415a2d9e2d2b3abcc4084c6502fc09240e292cd76a76afc106a1c8e04a"
            ],
            "markers": "python_version >= '3.8'",
            "version": "==5.2.1"
        },
        "executing": {
            "hashes": [
                "sha256:11387150cad388d62750327a53d3339fad4888b39a6fe233c3afbb54ecffd3aa",
                "sha256:5d108c028108fe2551d1a7b2e8b713341e2cb4fc0aa7dcf966fa4327a5226755"
            ],
            "markers": "python_version >= '3.8'",
            "version": "==2.2.0"
        },
        "greenlet": {
            "hashes": [
                "sha256:00fadb3fedccc447f517ee0d3fd8fe49eae949e1cd0f6a611818f4f6fb7dc83b",
                "sha256:061dc4cf2c34852b052a8620d40f36324554bc192be474b9e9770e8c042fd735",
                "sha256:0db5594dce18db94f7d1650d7489909b57afde4c580806b8d9203b6e79cdc079",
                "sha256:0dca0d95ff849f9a364385f36ab49f50065d76964944638be9691e1832e9f86d",
                "sha256:16458c245a38991aa19676900d48bd1a6f2ce3e16595051a4db9d012154e8433",
                "sha256:18d9260df2b5fbf41ae5139e1be4e796d99655f023a636cd0e11e6406cca7d58",
                "sha256:1987de92fec508535687fb807a5cea1560f6196285a4cde35c100b8cd632cc52",
                "sha256:1a921e542453fe531144e91e1feedf12e07351b1cf6c9e8a3325ea600a715a31",
                "sha256:1ee8fae0519a337f2329cb78bd7a8e128ec0f881073d43f023c7b8d4831d5246",
                "sha256:20fb936b4652b6e307b8f347665e2c615540d4b42b3b4c8a321d8286da7e520f",
                "sha256:23768528f2911bcd7e475210822ffb5254ed10d71f4028387e5a99b4c6699671",
                "sha256:2523e5246274f54fdadbce8494458a2ebdcdbc7b802318466ac5606d3cded1f8",
                "sha256:27890167f55d2387576d1f41d9487ef171849ea0359ce1510ca6e06c8bece11d",
                "sha256:299fd615cd8fc86267b47597123e3f43ad79c9d8a22bebdce535e53550763e2f",
                "sha256:3b3812d8d0c9579967815af437d96623f45c0f2ae5f04e366de62a12d83a8fb0",
                "sha256:3b67ca49f54cede0186854a008109d6ee71f66bd57bb36abd6d0a0267b540cdd",
                "sha256:44358b9bf66c8576a9f57a590d5f5d6e72fa4228b763d0e43fee6d3b06d3a337",
                "sha256:49a30d5fda2507ae77be16479bdb62a660fa51b1eb4928b524975b3bde77b3c0",
                "sha256:4d1378601b85e2e5171b99be8d2dc85f594c79967599328f95c1dc1a40f1c633",
                "sha256:554b03b6e73aaabec3745364d6239e9e012d64c68ccd0b8430c64ccc14939a8b",
                "sha256:55e9c5affaa6775e2c6b67659f3a71684de4c549b3dd9afca3bc773533d284fa",
                "sha256:58b97143c9cc7b86fc458f215bd0932f1757ce649e05b640fea2e79b54cedb31",
                "sha256:5c9320971821a7cb77cfab8d956fa8e39cd07ca44b6070db358ceb7f8797c8c9",
                "sha256:65458b409c1ed459ea899e939f0e1cdb14f58dbc803f2f93c5eab5694d32671b",
                "sha256:671df96c1f23c4a0d4077a325483c1503c96a1b7d9db26592ae770daa41233d4",
                "sha256:710638eb93b1fa52823aa91bf75326f9ecdfd5e0466f00789246a5280f4ba0fc",
                "sha256:73f49b5368b5359d04e18d15828eecc1806033db5233397748f4ca813ff1056c",
                "sha256:81701fd84f26330f0d5f4944d4e92e61afe6319dcd9775e39396e39d7c3e5f98",
                "sha256:8854167e06950ca75b898b104b63cc646573aa5fef1353d4508ecdd1ee76254f",
                "sha256:8c68325b0d0acf8d91dde4e6f930967dd52a5302cd4062932a6b2e7c2969f47c",
                "sha256:94385f101946790ae13da500603491f04a76b6e4c059dab271b3ce2e283b2590",
                "sha256:94abf90142c2a18151632371140b3dba4dee031633fe614cb592dbb6c9e17bc3",
                "sha256:96378df1de302bc38e99c3a9aa311967b7dc80ced1dcc6f171e99842987882a2",
                "sha256:9c40adce87eaa9ddb593ccb0fa6a07caf34015a29bf8d344811665b573138db9",
                "sha256:9fe0a28a7b952a21e2c062cd5756d34354117796c6d9215a87f55e38d15402c5",
                "sha256:a7d4e128405eea3814a12cc2605e0e6aedb4035bf32697f72deca74de4105e02",
                "sha256:abbf57b5a870d30c4675928c37278493044d7c14378350b3aa5d484fa65575f0",
                "sha256:b4a1870c51720687af7fa3e7cda6d08d801dae660f75a76f3845b642b4da6ee1",
                "sha256:b6a7c19cf0d2742d0809a4c05975db036fdff50cd294a93632d6a310bf9ac02c",
                "sha256:b90654e092f928f110e0007f572007c9727b5265f7632c2fa7415b4689351594",
                "sha256:c17b6b34111ea72fc5a4e4beec9711d2226285f0386ea83477cbb97c30a3f3a5",
                "sha256:c2ca18a03a8cfb5b25bc1cbe20f3d9a4c80d8c3b13ba3df49ac3961af0b1018d",
                "sha256:c5111ccdc9c88f423426df3fd1811bfc40ed66264d35aa373420a34377efc98a",
                "sha256:c60a6d84229b271d44b70fb6e5fa23781abb5d742af7b808ae3f6efd7c9c60f6",
                "sha256:c8c9e331e58180d0d83c5b7999255721b725913ff6bc6cf39fa2a45841a4fd4b",
                "sha256:c9913f1a30e4526f432991f89ae263459b1c64d1608c0d22a5c79c287b3c70df",
                "sha256:cd3c8e693bff0fff6ba55f140bf390fa92c994083f838fece0f63be121334945",
                "sha256:d25c5091190f2dc0eaa3f950252122edbbadbb682aa7b1ef2f8af0f8c0afefae",
                "sha256:d2e685ade4dafd447ede19c31277a224a239a0a1a4eca4e6390efedf20260cfb",
                "sha256:d76383238584e9711e20ebe14db6c88ddcedc1829a9ad31a584389463b5aa504",
                "sha256:ddf9164e7a5b08e9d22511526865780a576f19ddd00d62f8a665949327fde8bb",
                "sha256:e37ab26028f12dbb0ff65f29a8d3d44a765c61e729647bf2ddfbbed621726f01",
                "sha256:f10fd42b5ee276335863712fa3da6608e93f70629c631bf77145021600abc23c",
                "sha256:f28588772bb5fb869a8eb331374ec06f24a83a9c25bfa1f38b6993afe9c1e968"
            ],
            "markers": "python_version >= '3.9'",
            "version": "==3.2.4"
        },
        "ipykernel": {
            "hashes": [
                "sha256:6abb270161896402e76b91394fcdce5d1be5d45f456671e5080572f8505be39b",
                "sha256:aa6b9fb93dca949069d8b85b6c79b2518e32ac583ae9c7d37c51d119e18b3fb4"
            ],
            "index": "pypi",
            "markers": "python_version >= '3.9'",
            "version": "==6.30.1"
        },
        "ipython": {
            "hashes": [
                "sha256:25850f025a446d9b359e8d296ba175a36aedd32e83ca9b5060430fe16801f066",
                "sha256:c033c6d4e7914c3d9768aabe76bbe87ba1dc66a92a05db6bfa1125d81f2ee270"
            ],
            "markers": "python_version >= '3.11'",
            "version": "==9.4.0"
        },
        "ipython-pygments-lexers": {
            "hashes": [
                "sha256:09c0138009e56b6854f9535736f4171d855c8c08a563a0dcd8022f78355c7e81",
                "sha256:a9462224a505ade19a605f71f8fa63c2048833ce50abc86768a0d81d876dc81c"
            ],
            "markers": "python_version >= '3.8'",
            "version": "==1.1.1"
        },
        "jedi": {
            "hashes": [
                "sha256:4770dc3de41bde3966b02eb84fbcf557fb33cce26ad23da12c742fb50ecb11f0",
                "sha256:a8ef22bde8490f57fe5c7681a3c83cb58874daf72b4784de3cce5b6ef6edb5b9"
            ],
            "markers": "python_version >= '3.6'",
            "version": "==0.19.2"
        },
        "jupyter-client": {
            "hashes": [
                "sha256:35b3a0947c4a6e9d589eb97d7d4cd5e90f910ee73101611f01283732bd6d9419",
                "sha256:e8a19cc986cc45905ac3362915f410f3af85424b4c0905e94fa5f2cb08e8f23f"
            ],
            "markers": "python_version >= '3.8'",
            "version": "==8.6.3"
        },
        "jupyter-core": {
            "hashes": [
                "sha256:0a5f9706f70e64786b75acba995988915ebd4601c8a52e534a40b51c95f59941",
                "sha256:c28d268fc90fb53f1338ded2eb410704c5449a358406e8a948b75706e24863d0"
            ],
            "markers": "python_version >= '3.8'",
            "version": "==5.8.1"
        },
        "matplotlib-inline": {
            "hashes": [
                "sha256:8423b23ec666be3d16e16b60bdd8ac4e86e840ebd1dd11a30b9f117f2fa0ab90",
                "sha256:df192d39a4ff8f21b1895d72e6a13f5fcc5099f00fa84384e0ea28c2cc0653ca"
            ],
            "markers": "python_version >= '3.8'",
            "version": "==0.1.7"
        },
        "nest-asyncio": {
            "hashes": [
                "sha256:6f172d5449aca15afd6c646851f4e31e02c598d553a667e38cafa997cfec55fe",
                "sha256:87af6efd6b5e897c81050477ef65c62e2b2f35d51703cae01aff2905b1852e1c"
            ],
            "markers": "python_version >= '3.5'",
            "version": "==1.6.0"
        },
        "packaging": {
            "hashes": [
                "sha256:29572ef2b1f17581046b3a2227d5c611fb25ec70ca1ba8554b24b0e69331a484",
                "sha256:d443872c98d677bf60f6a1f2f8c1cb748e8fe762d2bf9d3148b5599295b0fc4f"
            ],
            "markers": "python_version >= '3.8'",
            "version": "==25.0"
        },
        "parso": {
            "hashes": [
                "sha256:034d7354a9a018bdce352f48b2a8a450f05e9d6ee85db84764e9b6bd96dafe5a",
                "sha256:646204b5ee239c396d040b90f9e272e9a8017c630092bf59980beb62fd033887"
            ],
            "markers": "python_version >= '3.6'",
            "version": "==0.8.5"
        },
        "platformdirs": {
            "hashes": [
                "sha256:3d512d96e16bcb959a814c9f348431070822a6496326a4be0911c40b5a74c2bc",
                "sha256:ff7059bb7eb1179e2685604f4aaf157cfd9535242bd23742eadc3c13542139b4"
            ],
            "markers": "python_version >= '3.9'",
            "version": "==4.3.8"
        },
        "playwright": {
            "hashes": [
                "sha256:09919f45cc74c64afb5432646d7fef0d19fff50990c862cb8d9b0577093f40cc",
                "sha256:0b108622ffb6906e28566f3f31721cd57dda637d7e41c430287804ac01911f56",
                "sha256:13ae206c55737e8e3eae51fb385d61c0312eeef31535643bb6232741b41b6fdc",
                "sha256:780928b3ca2077aea90414b37e54edd0c4bbb57d1aafc42f7aa0b3fd2c2fac02",
                "sha256:81d0b6f28843b27f288cfe438af0a12a4851de57998009a519ea84cee6fbbfb9",
                "sha256:9e5aee9ae5ab1fdd44cd64153313a2045b136fcbcfb2541cc0a3d909132671a2",
                "sha256:a975815971f7b8dca505c441a4c56de1aeb56a211290f8cc214eeef5524e8d75",
                "sha256:bf3b845af744370f1bd2286c2a9536f474cc8a88dc995b72ea9a5be714c9a77d"
            ],
            "index": "pypi",
            "markers": "python_version >= '3.9'",
            "version": "==1.54.0"
        },
        "prompt-toolkit": {
            "hashes": [
                "sha256:52742911fde84e2d423e2f9a4cf1de7d7ac4e51958f648d9540e0fb8db077b07",
                "sha256:931a162e3b27fc90c86f1b48bb1fb2c528c2761475e57c9c06de13311c7b54ed"
            ],
            "markers": "python_version >= '3.8'",
            "version": "==3.0.51"
        },
        "psutil": {
            "hashes": [
                "sha256:101d71dc322e3cffd7cea0650b09b3d08b8e7c4109dd6809fe452dfd00e58b25",
                "sha256:1e744154a6580bc968a0195fd25e80432d3afec619daf145b9e5ba16cc1d688e",
                "sha256:1fcee592b4c6f146991ca55919ea3d1f8926497a713ed7faaf8225e174581e91",
                "sha256:39db632f6bb862eeccf56660871433e111b6ea58f2caea825571951d4b6aa3da",
                "sha256:4b1388a4f6875d7e2aff5c4ca1cc16c545ed41dd8bb596cefea80111db353a34",
                "sha256:4cf3d4eb1aa9b348dec30105c55cd9b7d4629285735a102beb4441e38db90553",
                "sha256:7be9c3eba38beccb6495ea33afd982a44074b78f28c434a1f51cc07fd315c456",
                "sha256:84df4eb63e16849689f76b1ffcb36db7b8de703d1bc1fe41773db487621b6c17",
                "sha256:a5f098451abc2828f7dc6b58d44b532b22f2088f4999a937557b603ce72b1993",
                "sha256:ba3fcef7523064a6c9da440fc4d6bd07da93ac726b5733c29027d7dc95b39d99"
            ],
            "markers": "python_version >= '3.6'",
            "version": "==7.0.0"
        },
        "pure-eval": {
            "hashes": [
                "sha256:1db8e35b67b3d218d818ae653e27f06c3aa420901fa7b081ca98cbedc874e0d0",
                "sha256:5f4e983f40564c576c7c8635ae88db5956bb2229d7e9237d03b3c0b0190eaf42"
            ],
            "version": "==0.2.3"
        },
        "pyee": {
            "hashes": [
                "sha256:48195a3cddb3b1515ce0695ed76036b5ccc2ef3a9f963ff9f77aec0139845498",
                "sha256:b391e3c5a434d1f5118a25615001dbc8f669cf410ab67d04c4d4e07c55481c37"
            ],
            "markers": "python_version >= '3.8'",
            "version": "==13.0.0"
        },
        "pygments": {
            "hashes": [
                "sha256:636cb2477cec7f8952536970bc533bc43743542f70392ae026374600add5b887",
                "sha256:86540386c03d588bb81d44bc3928634ff26449851e99741617ecb9037ee5ec0b"
            ],
            "markers": "python_version >= '3.8'",
            "version": "==2.19.2"
        },
        "python-dateutil": {
            "hashes": [
                "sha256:37dd54208da7e1cd875388217d5e00ebd4179249f90fb72437e91a35459a0ad3",
                "sha256:a8b2bc7bffae282281c8140a97d3aa9c14da0b136dfe83f850eea9a5f7470427"
            ],
            "markers": "python_version >= '2.7' and python_version not in '3.0, 3.1, 3.2, 3.3'",
            "version": "==2.9.0.post0"
        },
        "pywin32": {
            "hashes": [
                "sha256:0502d1facf1fed4839a9a51ccbcc63d952cf318f78ffc00a7e78528ac27d7a2b",
                "sha256:184eb5e436dea364dcd3d2316d577d625c0351bf237c4e9a5fabbcfa5a58b151",
                "sha256:3aca44c046bd2ed8c90de9cb8427f581c479e594e99b5c0bb19b29c10fd6cb87",
                "sha256:3ce80b34b22b17ccbd937a6e78e7225d80c52f5ab9940fe0506a1a16f3dab503",
                "sha256:62ea666235135fee79bb154e695f3ff67370afefd71bd7fea7512fc70ef31e3d",
                "sha256:6c6f2969607b5023b0d9ce2541f8d2cbb01c4f46bc87456017cf63b73f1e2d8c",
                "sha256:718a38f7e5b058e76aee1c56ddd06908116d35147e133427e59a3983f703a20d",
                "sha256:750ec6e621af2b948540032557b10a2d43b0cee2ae9758c54154d711cc852d31",
                "sha256:797c2772017851984b97180b0bebe4b620bb86328e8a884bb626156295a63b3b",
                "sha256:7b4075d959648406202d92a2310cb990fea19b535c7f4a78d3f5e10b926eeb8a",
                "sha256:a508e2d9025764a8270f93111a970e1d0fbfc33f4153b388bb649b7eec4f9b42",
                "sha256:a733f1388e1a842abb67ffa8e7aad0e70ac519e09b0f6a784e65a136ec7cefd2",
                "sha256:aba8f82d551a942cb20d4a83413ccbac30790b50efb89a75e4f586ac0bb8056b",
                "sha256:b7a2c10b93f8986666d0c803ee19b5990885872a7de910fc460f9b0c2fbf92ee",
                "sha256:b8c095edad5c211ff31c05223658e71bf7116daa0ecf3ad85f3201ea3190d067",
                "sha256:c8015b09fb9a5e188f83b7b04de91ddca4658cee2ae6f3bc483f0b21a77ef6cd",
                "sha256:d03ff496d2a0cd4a5893504789d4a15399133fe82517455e78bad62efbb7f0a3",
                "sha256:e0c4cfb0621281fe40387df582097fd796e80430597cb9944f0ae70447bacd91",
                "sha256:e286f46a9a39c4a18b319c28f59b61de793654af2f395c102b4f819e584b5852",
                "sha256:f95ba5a847cba10dd8c4d8fefa9f2a6cf283b8b88ed6178fa8a6c1ab16054d0d"
            ],
            "markers": "sys_platform == 'win32' and platform_python_implementation != 'PyPy'",
            "version": "==311"
        },
        "pyzmq": {
            "hashes": [
                "sha256:05288947797dcd6724702db2056972dceef9963a83041eb734aea504416094ec",
                "sha256:063845960df76599ad4fad69fa4d884b3ba38304272104fdcd7e3af33faeeb1d",
                "sha256:0f6e9b00d81b58f859fffc112365d50413954e02aefe36c5b4c8fb4af79f8cc3",
                "sha256:1326500792a9cb0992db06bbaf5d0098459133868932b81a6e90d45c39eca99d",
                "sha256:25a100d2de2ac0c644ecf4ce0b509a720d12e559c77aff7e7e73aa684f0375bc",
                "sha256:272d772d116615397d2be2b1417b3b8c8bc8671f93728c2f2c25002a4530e8f6",
                "sha256:2cb5bcfc51c7a4fce335d3bc974fd1d6a916abbcdd2b25f6e89d37b8def25f57",
                "sha256:2e73cf3b127a437fef4100eb3ac2ebe6b49e655bb721329f667f59eca0a26221",
                "sha256:2ef3067cb5b51b090fb853f423ad7ed63836ec154374282780a62eb866bf5768",
                "sha256:31c26a5d0b00befcaeeb600d8b15ad09f5604b6f44e2057ec5e521a9e18dcd9a",
                "sha256:340e7cddc32f147c6c00d116a3f284ab07ee63dbd26c52be13b590520434533c",
                "sha256:36508466a266cf78bba2f56529ad06eb38ba827f443b47388d420bec14d331ba",
                "sha256:3660d85e2b6a28eb2d586dedab9c61a7b7c64ab0d89a35d2973c7be336f12b0d",
                "sha256:38ff75b2a36e3a032e9fef29a5871e3e1301a37464e09ba364e3c3193f62982a",
                "sha256:3b02ba0c0b2b9ebe74688002e6c56c903429924a25630804b9ede1f178aa5a3f",
                "sha256:3e44e665d78a07214b2772ccbd4b9bcc6d848d7895f1b2d7653f047b6318a4f6",
                "sha256:3e8f833dd82af11db5321c414638045c70f61009f72dd61c88db4a713c1fb1d2",
                "sha256:400f34321e3bd89b1165b91ea6b18ad26042ba9ad0dfed8b35049e2e24eeab9b",
                "sha256:4108785f2e5ac865d06f678a07a1901e3465611356df21a545eeea8b45f56265",
                "sha256:41f0bd56d9279392810950feb2785a419c2920bbf007fdaaa7f4a07332ae492d",
                "sha256:47c5dda2018c35d87be9b83de0890cb92ac0791fd59498847fc4eca6ff56671d",
                "sha256:47eb65bb25478358ba3113dd9a08344f616f417ad3ffcbb190cd874fae72b1b1",
                "sha256:49d8d05d9844d83cddfbc86a82ac0cafe7ab694fcc9c9618de8d015c318347c3",
                "sha256:4e4520577971d01d47e2559bb3175fce1be9103b18621bf0b241abe0a933d040",
                "sha256:4e4d88b6cff156fed468903006b24bbd85322612f9c2f7b96e72d5016fd3f543",
                "sha256:4ecfc7999ac44c9ef92b5ae8f0b44fb935297977df54d8756b195a3cd12f38f0",
                "sha256:515d20b5c3c86db95503faa989853a8ab692aab1e5336db011cd6d35626c4cb1",
                "sha256:565bee96a155fe6452caed5fb5f60c9862038e6b51a59f4f632562081cdb4004",
                "sha256:56d7de7bf73165b90bd25a8668659ccb134dd28449116bf3c7e9bab5cf8a8ec9",
                "sha256:58d4cc9b6b768478adfc40a5cbee545303db8dbc81ba688474e0f499cc581028",
                "sha256:59a50f5eedf8ed20b7dbd57f1c29b2de003940dea3eedfbf0fbfea05ee7f9f61",
                "sha256:5b45153cb8eadcab14139970643a84f7a7b08dda541fbc1f6f4855c49334b549",
                "sha256:5da05e3c22c95e23bfc4afeee6ff7d4be9ff2233ad6cb171a0e8257cd46b169a",
                "sha256:5de735c745ca5cefe9c2d1547d8f28cfe1b1926aecb7483ab1102fd0a746c093",
                "sha256:5e558be423631704803bc6a642e2caa96083df759e25fe6eb01f2d28725f80bd",
                "sha256:5ee9560cb1e3094ef01fc071b361121a57ebb8d4232912b6607a6d7d2d0a97b4",
                "sha256:6156ad5e8bbe8a78a3f5b5757c9a883b0012325c83f98ce6d58fcec81e8b3d06",
                "sha256:61678b7407b04df8f9423f188156355dc94d0fb52d360ae79d02ed7e0d431eea",
                "sha256:6b2b74aac3392b8cf508ccb68c980a8555298cd378434a2d065d6ce0f4211dff",
                "sha256:734be4f44efba0aa69bf5f015ed13eb69ff29bf0d17ea1e21588b095a3147b8e",
                "sha256:795c4884cfe7ea59f2b67d82b417e899afab889d332bfda13b02f8e0c155b2e4",
                "sha256:7a5709abe8d23ca158a9d0a18c037f4193f5b6afeb53be37173a41e9fb885792",
                "sha256:7db5db88c24cf9253065d69229a148ff60821e5d6f8ff72579b1f80f8f348bab",
                "sha256:7f01118133427cd7f34ee133b5098e2af5f70303fa7519785c007bca5aa6f96a",
                "sha256:8426c0ebbc11ed8416a6e9409c194142d677c2c5c688595f2743664e356d9e9b",
                "sha256:845a35fb21b88786aeb38af8b271d41ab0967985410f35411a27eebdc578a076",
                "sha256:849123fd9982c7f63911fdceba9870f203f0f32c953a3bab48e7f27803a0e3ec",
                "sha256:85e3c6fb0d25ea046ebcfdc2bcb9683d663dc0280645c79a616ff5077962a15b",
                "sha256:862aedec0b0684a5050cdb5ec13c2da96d2f8dffda48657ed35e312a4e31553b",
                "sha256:86898f5c9730df23427c1ee0097d8aa41aa5f89539a79e48cd0d2c22d059f1b7",
                "sha256:8b32c4636ced87dce0ac3d671e578b3400215efab372f1b4be242e8cf0b11384",
                "sha256:8ffe40c216c41756ca05188c3e24a23142334b304f7aebd75c24210385e35573",
                "sha256:989066d51686415f1da646d6e2c5364a9b084777c29d9d1720aa5baf192366ef",
                "sha256:9cbad4ef12e4c15c94d2c24ecd15a8ed56bf091c62f121a2b0c618ddd4b7402b",
                "sha256:9e4dc5c9a6167617251dea0d024d67559795761aabb4b7ea015518be898be076",
                "sha256:a00e6390e52770ba1ec753b2610f90b4f00e74c71cfc5405b917adf3cc39565e",
                "sha256:a0621ec020c49fc1b6e31304f1a820900d54e7d9afa03ea1634264bf9387519e",
                "sha256:a1acf091f53bb406e9e5e7383e467d1dd1b94488b8415b890917d30111a1fef3",
                "sha256:a6fc24f00293f10aff04d55ca37029b280474c91f4de2cad5e911e5e10d733b7",
                "sha256:aa9c1c208c263b84386ac25bed6af5672397dc3c232638114fc09bca5c7addf9",
                "sha256:ad38daf57495beadc0d929e8901b2aa46ff474239b5a8a46ccc7f67dc01d2335",
                "sha256:b18045668d09cf0faa44918af2a67f0dbbef738c96f61c2f1b975b1ddb92ccfc",
                "sha256:b38e01f11e9e95f6668dc8a62dccf9483f454fed78a77447507a0e8dcbd19a63",
                "sha256:b398dd713b18de89730447347e96a0240225e154db56e35b6bb8447ffdb07798",
                "sha256:b751914a73604d40d88a061bab042a11d4511b3ddbb7624cd83c39c8a498564c",
                "sha256:ba95693f9df8bb4a9826464fb0fe89033936f35fd4a8ff1edff09a473570afa0",
                "sha256:bbbb7e2f3ac5a22901324e7b086f398b8e16d343879a77b15ca3312e8cd8e6d5",
                "sha256:bccfee44b392f4d13bbf05aa88d8f7709271b940a8c398d4216fde6b717624ae",
                "sha256:c4833e02fcf2751975457be1dfa2f744d4d09901a8cc106acaa519d868232175",
                "sha256:c4c20ba8389f495c7b4f6b896bb1ca1e109a157d4f189267a902079699aaf787",
                "sha256:c5be232f7219414ff672ff7ab8c5a7e8632177735186d8a42b57b491fafdd64e",
                "sha256:c5ee06945f3069e3609819890a01958c4bbfea7a2b31ae87107c6478838d309e",
                "sha256:ca42a6ce2d697537da34f77a1960d21476c6a4af3e539eddb2b114c3cf65a78c",
                "sha256:cb77923ea163156da14295c941930bd525df0d29c96c1ec2fe3c3806b1e17cb3",
                "sha256:cc283595b82f0db155a52f6462945c7b6b47ecaae2f681746eeea537c95cf8c9",
                "sha256:cea2f26c5972796e02b222968a21a378d09eb4ff590eb3c5fafa8913f8c2bdf5",
                "sha256:d00e81cb0afd672915257a3927124ee2ad117ace3c256d39cd97ca3f190152ad",
                "sha256:d2b4b261dce10762be5c116b6ad1f267a9429765b493c454f049f33791dd8b8a",
                "sha256:d67a0960803a37b60f51b460c58444bc7033a804c662f5735172e21e74ee4902",
                "sha256:dd4d3e6a567ffd0d232cfc667c49d0852d0ee7481458a2a1593b9b1bc5acba88",
                "sha256:de84e1694f9507b29e7b263453a2255a73e3d099d258db0f14539bad258abe41",
                "sha256:dff9198adbb6810ad857f3bfa59b4859c45acb02b0d198b39abeafb9148474f3",
                "sha256:e297784aea724294fe95e442e39a4376c2f08aa4fae4161c669f047051e31b02",
                "sha256:e3659a79ded9745bc9c2aef5b444ac8805606e7bc50d2d2eb16dc3ab5483d91f",
                "sha256:e3c824b70925963bdc8e39a642672c15ffaa67e7d4b491f64662dd56d6271263",
                "sha256:e4b860edf6379a7234ccbb19b4ed2c57e3ff569c3414fadfb49ae72b61a8ef07",
                "sha256:ea4f498f8115fd90d7bf03a3e83ae3e9898e43362f8e8e8faec93597206e15cc",
                "sha256:f0944d65ba2b872b9fcece08411d6347f15a874c775b4c3baae7f278550da0fb",
                "sha256:f1151b33aaf3b4fa9da26f4d696e38eebab67d1b43c446184d733c700b3ff8ce",
                "sha256:f3dba49ff037d02373a9306b58d6c1e0be031438f822044e8767afccfdac4c6b",
                "sha256:f54ca3e98f8f4d23e989c7d0edcf9da7a514ff261edaf64d1d8653dd5feb0a8b",
                "sha256:f9528a4b3e24189cb333a9850fddbbafaa81df187297cfbddee50447cdb042cf"
            ],
            "markers": "python_version >= '3.8'",
            "version": "==27.0.2"
        },
        "six": {
            "hashes": [
                "sha256:4721f391ed90541fddacab5acf947aa0d3dc7d27b2e1e8eda2be8970586c3274",
                "sha256:ff70335d468e7eb6ec65b95b99d3a2836546063f63acc5171de367e834932a81"
            ],
            "markers": "python_version >= '2.7' and python_version not in '3.0, 3.1, 3.2, 3.3'",
            "version": "==1.17.0"
        },
        "stack-data": {
            "hashes": [
                "sha256:836a778de4fec4dcd1dcd89ed8abff8a221f58308462e1c4aa2a3cf30148f0b9",
                "sha256:d5558e0c25a4cb0853cddad3d77da9891a08cb85dd9f9f91b9f8cd66e511e695"
            ],
            "version": "==0.6.3"
        },
        "tornado": {
            "hashes": [
                "sha256:06ceb1300fd70cb20e43b1ad8aaee0266e69e7ced38fa910ad2e03285009ce7c",
                "sha256:2436822940d37cde62771cff8774f4f00b3c8024fe482e16ca8387b8a2724db6",
                "sha256:583a52c7aa94ee046854ba81d9ebb6c81ec0fd30386d96f7640c96dad45a03ef",
                "sha256:74db443e0f5251be86cbf37929f84d8c20c27a355dd452a5cfa2aada0d001ec4",
                "sha256:ab53c8f9a0fa351e2c0741284e06c7a45da86afb544133201c5cc8578eb076a0",
                "sha256:b0fe179f28d597deab2842b86ed4060deec7388f1fd9c1b4a41adf8af058907e",
                "sha256:b186e85d1e3536d69583d2298423744740986018e393d0321df7340e71898882",
                "sha256:b5e735ab2889d7ed33b32a459cac490eda71a1ba6857b0118de476ab6c366c04",
                "sha256:c6f29e94d9b37a95013bb669616352ddb82e3bfe8326fccee50583caebc8a5f0",
                "sha256:d6c33dc3672e3a1f3618eb63b7ef4683a7688e7b9e6e8f0d9aa5726360a004af",
                "sha256:e56a5af51cc30dd2cae649429af65ca2f6571da29504a07995175df14c18f35f",
                "sha256:e792706668c87709709c18b353da1f7662317b563ff69f00bab83595940c7108"
            ],
            "markers": "python_version >= '3.9'",
            "version": "==6.5.2"
        },
        "traitlets": {
            "hashes": [
                "sha256:9ed0579d3502c94b4b3732ac120375cda96f923114522847de4b3bb98b96b6b7",
                "sha256:b74e89e397b1ed28cc831db7aea759ba6640cb3de13090ca145426688ff1ac4f"
            ],
            "markers": "python_version >= '3.8'",
            "version": "==5.14.3"
        },
        "typing-extensions": {
            "hashes": [
                "sha256:38b39f4aeeab64884ce9f74c94263ef78f3c22467c8724005483154c26648d36",
                "sha256:d1e1e3b58374dc93031d6eda2420a48ea44a36c2b4766a4fdeb3710755731d76"
            ],
            "markers": "python_version >= '3.9'",
            "version": "==4.14.1"
        },
        "wcwidth": {
            "hashes": [
                "sha256:3da69048e4540d84af32131829ff948f1e022c1c6bdb8d6102117aac784f6859",
                "sha256:72ea0c06399eb286d978fdedb6923a9eb47e1c486ce63e9b4e64fc18303972b5"
            ],
            "version": "==0.2.13"
        }
    },
    "develop": {}
}
